# This file is automatically @generated by Cargo.
# It is not intended for manual editing.
version = 4

[[package]]
name = "autocfg"
version = "1.5.1"
source = "registry+https://github.com/rust-lang/crates.io-index"
checksum = "f2032f911046de80f0a198e0901378627c33f59ea0ac00e363d481118bd70a53"

[[package]]
name = "lin_alg"
version = "1.4.3"
source = "registry+https://github.com/rust-lang/crates.io-index"
checksum = "54862356f5aefd08c1280144613f13c3b71a6320f2c069555d4d16670c2ff7f3"
dependencies = [
 "num-traits",
 "paste",
]

[[package]]
name = "mcubes"
version = "0.1.7"
source = "registry+https://github.com/rust-lang/crates.io-index"
checksum = "21305627b2a9263c95af711933a586d40a0ad97c232b28772133f8e6d59686f8"
dependencies = [
 "lin_alg",
]

[[package]]
name = "num-traits"
version = "0.2.19"
source = "registry+https://github.com/rust-lang/crates.io-index"
checksum = "071dfc062690e90b734c0b2273ce72ad0ffa95f0c74596bc250dcfd960262841"
dependencies = [
 "autocfg",
]

[[package]]
name = "paste"
version = "1.0.15"
source = "registry+https://github.com/rust-lang/crates.io-index"
checksum = "57c0d7b74b563b49d38dae00a0c37d4d6de9b432382b2892f0574ddcae73fd0a"

[[package]]
name = "wasm_marching_cubes"
version = "0.1.0"
dependencies = [
 "lin_alg",
 "mcubes",
]
